{
  "name": "ong-demo",
  "lockfileVersion": 3,
  "requires": true,
  "packages": {
    "": {
      "dependencies": {
        "codebase-cartographer": "^0.1.1"
      }
    },
    "node_modules/codebase-cartographer": {
      "version": "0.1.1",
      "resolved": "https://registry.npmjs.org/codebase-cartographer/-/codebase-cartographer-0.1.1.tgz",
      "integrity": "sha512-nHqAlPYw1XHqeUPKIUIPoS8nks5+hzP2vKKhE6fe7EdhU+J9s8+YkvxoaKX5HccDptHGJj0MZp1WvJj+0ekjlg==",
      "license": "MIT",
      "bin": {
        "codebase-cartographer": "dist/index.js"
      },
      "engines": {
        "node": ">=18"
      }
    }
  }
}
